
Microsoft Visual Studio Solution File, Format Version 12.00
# Visual Studio Version 17
VisualStudioVersion = 17.9.34701.34
MinimumVisualStudioVersion = 10.0.40219.1
Project("{FAE04EC0-301F-11D3-BF4B-00C04F79EFBC}") = "Eperlan.Net", "Eperlan.Net\Eperlan.Net\Eperlan.Net.csproj", "{60017722-EB01-4C9B-B352-1A2218657BA3}"
EndProject
Project("{FAE04EC0-301F-11D3-BF4B-00C04F79EFBC}") = "Eperlan.Net.Client", "Eperlan.Net\Eperlan.Net.Client\Eperlan.Net.Client.csproj", "{745ED26C-6C12-408F-80E0-00F6739E8C6D}"
EndProject
Global
	GlobalSection(SolutionConfigurationPlatforms) = preSolution
		Debug|Any CPU = Debug|Any CPU
		Release|Any CPU = Release|Any CPU
	EndGlobalSection
	GlobalSection(ProjectConfigurationPlatforms) = postSolution
		{60017722-EB01-4C9B-B352-1A2218657BA3}.Debug|Any CPU.ActiveCfg = Debug|Any CPU
		{60017722-EB01-4C9B-B352-1A2218657BA3}.Debug|Any CPU.Build.0 = Debug|Any CPU
		{60017722-EB01-4C9B-B352-1A2218657BA3}.Release|Any CPU.ActiveCfg = Release|Any CPU
		{60017722-EB01-4C9B-B352-1A2218657BA3}.Release|Any CPU.Build.0 = Release|Any CPU
		{745ED26C-6C12-408F-80E0-00F6739E8C6D}.Debug|Any CPU.ActiveCfg = Debug|Any CPU
		{745ED26C-6C12-408F-80E0-00F6739E8C6D}.Debug|Any CPU.Build.0 = Debug|Any CPU
		{745ED26C-6C12-408F-80E0-00F6739E8C6D}.Release|Any CPU.ActiveCfg = Release|Any CPU
		{745ED26C-6C12-408F-80E0-00F6739E8C6D}.Release|Any CPU.Build.0 = Release|Any CPU
	EndGlobalSection
	GlobalSection(SolutionProperties) = preSolution
		HideSolutionNode = FALSE
	EndGlobalSection
	GlobalSection(ExtensibilityGlobals) = postSolution
		SolutionGuid = {35B009C2-3405-4405-A3F8-C83FAC87132E}
	EndGlobalSection
EndGlobal
